
Microsoft Visual Studio Solution File, Format Version 12.00
# Visual Studio Version 17
VisualStudioVersion = 17.9.34616.47
MinimumVisualStudioVersion = 10.0.40219.1
Project("{FAE04EC0-301F-11D3-BF4B-00C04F79EFBC}") = "InheritanceC#", "InheritanceC#\InheritanceC#.csproj", "{66BB9B65-741D-4400-B642-8D721BC4C027}"
EndProject
Project("{FAE04EC0-301F-11D3-BF4B-00C04F79EFBC}") = "Academy", "Academy\Academy.csproj", "{9159AB0A-A5A0-4833-AB83-94417C784D3A}"
EndProject
Project("{FAE04EC0-301F-11D3-BF4B-00C04F79EFBC}") = "GeometryShapes", "GeometryShapes\GeometryShapes.csproj", "{762394F7-B888-4DC6-9622-E473A4FFB604}"
EndProject
Project("{8BC9CEB8-8B4A-11D0-8D11-00A0C91BC942}") = "ReplaceMacIP", "ReplaceMacIP\ReplaceMacIP.vcxproj", "{A43E5F07-A296-4433-87B9-2E1EA719D6F7}"
EndProject
Global
	GlobalSection(SolutionConfigurationPlatforms) = preSolution
		Debug|Any CPU = Debug|Any CPU
		Debug|x64 = Debug|x64
		Debug|x86 = Debug|x86
		Release|Any CPU = Release|Any CPU
		Release|x64 = Release|x64
		Release|x86 = Release|x86
	EndGlobalSection
	GlobalSection(ProjectConfigurationPlatforms) = postSolution
		{66BB9B65-741D-4400-B642-8D721BC4C027}.Debug|Any CPU.ActiveCfg = Debug|Any CPU
		{66BB9B65-741D-4400-B642-8D721BC4C027}.Debug|Any CPU.Build.0 = Debug|Any CPU
		{66BB9B65-741D-4400-B642-8D721BC4C027}.Debug|x64.ActiveCfg = Debug|Any CPU
		{66BB9B65-741D-4400-B642-8D721BC4C027}.Debug|x64.Build.0 = Debug|Any CPU
		{66BB9B65-741D-4400-B642-8D721BC4C027}.Debug|x86.ActiveCfg = Debug|Any CPU
		{66BB9B65-741D-4400-B642-8D721BC4C027}.Debug|x86.Build.0 = Debug|Any CPU
		{66BB9B65-741D-4400-B642-8D721BC4C027}.Release|Any CPU.ActiveCfg = Release|Any CPU
		{66BB9B65-741D-4400-B642-8D721BC4C027}.Release|Any CPU.Build.0 = Release|Any CPU
		{66BB9B65-741D-4400-B642-8D721BC4C027}.Release|x64.ActiveCfg = Release|Any CPU
		{66BB9B65-741D-4400-B642-8D721BC4C027}.Release|x64.Build.0 = Release|Any CPU
		{66BB9B65-741D-4400-B642-8D721BC4C027}.Release|x86.ActiveCfg = Release|Any CPU
		{66BB9B65-741D-4400-B642-8D721BC4C027}.Release|x86.Build.0 = Release|Any CPU
		{9159AB0A-A5A0-4833-AB83-94417C784D3A}.Debug|Any CPU.ActiveCfg = Debug|Any CPU
		{9159AB0A-A5A0-4833-AB83-94417C784D3A}.Debug|Any CPU.Build.0 = Debug|Any CPU
		{9159AB0A-A5A0-4833-AB83-94417C784D3A}.Debug|x64.ActiveCfg = Debug|Any CPU
		{9159AB0A-A5A0-4833-AB83-94417C784D3A}.Debug|x64.Build.0 = Debug|Any CPU
		{9159AB0A-A5A0-4833-AB83-94417C784D3A}.Debug|x86.ActiveCfg = Debug|Any CPU
		{9159AB0A-A5A0-4833-AB83-94417C784D3A}.Debug|x86.Build.0 = Debug|Any CPU
		{9159AB0A-A5A0-4833-AB83-94417C784D3A}.Release|Any CPU.ActiveCfg = Release|Any CPU
		{9159AB0A-A5A0-4833-AB83-94417C784D3A}.Release|Any CPU.Build.0 = Release|Any CPU
		{9159AB0A-A5A0-4833-AB83-94417C784D3A}.Release|x64.ActiveCfg = Release|Any CPU
		{9159AB0A-A5A0-4833-AB83-94417C784D3A}.Release|x64.Build.0 = Release|Any CPU
		{9159AB0A-A5A0-4833-AB83-94417C784D3A}.Release|x86.ActiveCfg = Release|Any CPU
		{9159AB0A-A5A0-4833-AB83-94417C784D3A}.Release|x86.Build.0 = Release|Any CPU
		{762394F7-B888-4DC6-9622-E473A4FFB604}.Debug|Any CPU.ActiveCfg = Debug|Any CPU
		{762394F7-B888-4DC6-9622-E473A4FFB604}.Debug|Any CPU.Build.0 = Debug|Any CPU
		{762394F7-B888-4DC6-9622-E473A4FFB604}.Debug|x64.ActiveCfg = Debug|Any CPU
		{762394F7-B888-4DC6-9622-E473A4FFB604}.Debug|x64.Build.0 = Debug|Any CPU
		{762394F7-B888-4DC6-9622-E473A4FFB604}.Debug|x86.ActiveCfg = Debug|Any CPU
		{762394F7-B888-4DC6-9622-E473A4FFB604}.Debug|x86.Build.0 = Debug|Any CPU
		{762394F7-B888-4DC6-9622-E473A4FFB604}.Release|Any CPU.ActiveCfg = Release|Any CPU
		{762394F7-B888-4DC6-9622-E473A4FFB604}.Release|Any CPU.Build.0 = Release|Any CPU
		{762394F7-B888-4DC6-9622-E473A4FFB604}.Release|x64.ActiveCfg = Release|Any CPU
		{762394F7-B888-4DC6-9622-E473A4FFB604}.Release|x64.Build.0 = Release|Any CPU
		{762394F7-B888-4DC6-9622-E473A4FFB604}.Release|x86.ActiveCfg = Release|Any CPU
		{762394F7-B888-4DC6-9622-E473A4FFB604}.Release|x86.Build.0 = Release|Any CPU
		{A43E5F07-A296-4433-87B9-2E1EA719D6F7}.Debug|Any CPU.ActiveCfg = Debug|x64
		{A43E5F07-A296-4433-87B9-2E1EA719D6F7}.Debug|Any CPU.Build.0 = Debug|x64
		{A43E5F07-A296-4433-87B9-2E1EA719D6F7}.Debug|x64.ActiveCfg = Debug|x64
		{A43E5F07-A296-4433-87B9-2E1EA719D6F7}.Debug|x64.Build.0 = Debug|x64
		{A43E5F07-A296-4433-87B9-2E1EA719D6F7}.Debug|x86.ActiveCfg = Debug|Win32
		{A43E5F07-A296-4433-87B9-2E1EA719D6F7}.Debug|x86.Build.0 = Debug|Win32
		{A43E5F07-A296-4433-87B9-2E1EA719D6F7}.Release|Any CPU.ActiveCfg = Release|x64
		{A43E5F07-A296-4433-87B9-2E1EA719D6F7}.Release|Any CPU.Build.0 = Release|x64
		{A43E5F07-A296-4433-87B9-2E1EA719D6F7}.Release|x64.ActiveCfg = Release|x64
		{A43E5F07-A296-4433-87B9-2E1EA719D6F7}.Release|x64.Build.0 = Release|x64
		{A43E5F07-A296-4433-87B9-2E1EA719D6F7}.Release|x86.ActiveCfg = Release|Win32
		{A43E5F07-A296-4433-87B9-2E1EA719D6F7}.Release|x86.Build.0 = Release|Win32
	EndGlobalSection
	GlobalSection(SolutionProperties) = preSolution
		HideSolutionNode = FALSE
	EndGlobalSection
	GlobalSection(ExtensibilityGlobals) = postSolution
		SolutionGuid = {D5622DD5-E139-4A90-BDC2-298CEBCC571F}
	EndGlobalSection
EndGlobal
